
Microsoft Visual Studio Solution File, Format Version 12.00
# Visual Studio Version 16
VisualStudioVersion = 16.0.29424.173
MinimumVisualStudioVersion = 10.0.40219.1
Project("{9A19103F-16F7-4668-BE54-9A1E7A4F7556}") = "Common", "Common\Common.csproj", "{32FC96F2-B686-42FB-A771-4B89C088923A}"
EndProject
Project("{9A19103F-16F7-4668-BE54-9A1E7A4F7556}") = "Sample", "Sample\Sample.csproj", "{C4438F12-7E49-4F8F-826F-BA829A0A7D62}"
	ProjectSection(ProjectDependencies) = postProject
		{32FC96F2-B686-42FB-A771-4B89C088923A} = {32FC96F2-B686-42FB-A771-4B89C088923A}
	EndProjectSection
EndProject
Project("{9A19103F-16F7-4668-BE54-9A1E7A4F7556}") = "Tests", "Tests\Tests.csproj", "{DDE49BC2-196E-4651-B990-5E45A78990F4}"
	ProjectSection(ProjectDependencies) = postProject
		{32FC96F2-B686-42FB-A771-4B89C088923A} = {32FC96F2-B686-42FB-A771-4B89C088923A}
	EndProjectSection
EndProject
Global
	GlobalSection(SolutionConfigurationPlatforms) = preSolution
		Debug|Any CPU = Debug|Any CPU
		Release|Any CPU = Release|Any CPU
	EndGlobalSection
	GlobalSection(ProjectConfigurationPlatforms) = postSolution
		{32FC96F2-B686-42FB-A771-4B89C088923A}.Debug|Any CPU.ActiveCfg = Debug|Any CPU
		{32FC96F2-B686-42FB-A771-4B89C088923A}.Debug|Any CPU.Build.0 = Debug|Any CPU
		{32FC96F2-B686-42FB-A771-4B89C088923A}.Release|Any CPU.ActiveCfg = Release|Any CPU
		{32FC96F2-B686-42FB-A771-4B89C088923A}.Release|Any CPU.Build.0 = Release|Any CPU
		{C4438F12-7E49-4F8F-826F-BA829A0A7D62}.Debug|Any CPU.ActiveCfg = Debug|Any CPU
		{C4438F12-7E49-4F8F-826F-BA829A0A7D62}.Debug|Any CPU.Build.0 = Debug|Any CPU
		{C4438F12-7E49-4F8F-826F-BA829A0A7D62}.Release|Any CPU.ActiveCfg = Release|Any CPU
		{C4438F12-7E49-4F8F-826F-BA829A0A7D62}.Release|Any CPU.Build.0 = Release|Any CPU
		{DDE49BC2-196E-4651-B990-5E45A78990F4}.Debug|Any CPU.ActiveCfg = Debug|Any CPU
		{DDE49BC2-196E-4651-B990-5E45A78990F4}.Debug|Any CPU.Build.0 = Debug|Any CPU
		{DDE49BC2-196E-4651-B990-5E45A78990F4}.Release|Any CPU.ActiveCfg = Release|Any CPU
		{DDE49BC2-196E-4651-B990-5E45A78990F4}.Release|Any CPU.Build.0 = Release|Any CPU
	EndGlobalSection
	GlobalSection(SolutionProperties) = preSolution
		HideSolutionNode = FALSE
	EndGlobalSection
	GlobalSection(ExtensibilityGlobals) = postSolution
		SolutionGuid = {C6F8EFCB-E469-4C30-A903-E645CEA85C02}
	EndGlobalSection
EndGlobal
